
Microsoft Visual Studio Solution File, Format Version 12.00
# Visual Studio Version 17
VisualStudioVersion = 17.2.32616.157
MinimumVisualStudioVersion = 10.0.40219.1
Project("{9A19103F-16F7-4668-BE54-9A1E7A4F7556}") = "01.BirthdayCelebration", "01.BirthdayCelebration\01.BirthdayCelebration.csproj", "{9F418373-99BC-46BB-8532-4AEA85F76ECE}"
EndProject
Project("{9A19103F-16F7-4668-BE54-9A1E7A4F7556}") = "02.TheBattleOfTheFiveArmies", "02.TheBattleOfTheFiveArmies\02.TheBattleOfTheFiveArmies.csproj", "{F8282EF7-ADA6-4D6C-B636-39A0EDC07955}"
EndProject
Project("{FAE04EC0-301F-11D3-BF4B-00C04F79EFBC}") = "03.StreetRacing", "03.StreetRacing\03.StreetRacing.csproj", "{B149E754-F321-42A1-9EA0-E6B4FD0FBB10}"
EndProject
Global
	GlobalSection(SolutionConfigurationPlatforms) = preSolution
		Debug|Any CPU = Debug|Any CPU
		Release|Any CPU = Release|Any CPU
	EndGlobalSection
	GlobalSection(ProjectConfigurationPlatforms) = postSolution
		{9F418373-99BC-46BB-8532-4AEA85F76ECE}.Debug|Any CPU.ActiveCfg = Debug|Any CPU
		{9F418373-99BC-46BB-8532-4AEA85F76ECE}.Debug|Any CPU.Build.0 = Debug|Any CPU
		{9F418373-99BC-46BB-8532-4AEA85F76ECE}.Release|Any CPU.ActiveCfg = Release|Any CPU
		{9F418373-99BC-46BB-8532-4AEA85F76ECE}.Release|Any CPU.Build.0 = Release|Any CPU
		{F8282EF7-ADA6-4D6C-B636-39A0EDC07955}.Debug|Any CPU.ActiveCfg = Debug|Any CPU
		{F8282EF7-ADA6-4D6C-B636-39A0EDC07955}.Debug|Any CPU.Build.0 = Debug|Any CPU
		{F8282EF7-ADA6-4D6C-B636-39A0EDC07955}.Release|Any CPU.ActiveCfg = Release|Any CPU
		{F8282EF7-ADA6-4D6C-B636-39A0EDC07955}.Release|Any CPU.Build.0 = Release|Any CPU
		{B149E754-F321-42A1-9EA0-E6B4FD0FBB10}.Debug|Any CPU.ActiveCfg = Debug|Any CPU
		{B149E754-F321-42A1-9EA0-E6B4FD0FBB10}.Debug|Any CPU.Build.0 = Debug|Any CPU
		{B149E754-F321-42A1-9EA0-E6B4FD0FBB10}.Release|Any CPU.ActiveCfg = Release|Any CPU
		{B149E754-F321-42A1-9EA0-E6B4FD0FBB10}.Release|Any CPU.Build.0 = Release|Any CPU
	EndGlobalSection
	GlobalSection(SolutionProperties) = preSolution
		HideSolutionNode = FALSE
	EndGlobalSection
	GlobalSection(ExtensibilityGlobals) = postSolution
		SolutionGuid = {FE128F89-4414-4634-81E1-263299DE27DC}
	EndGlobalSection
EndGlobal
