
Microsoft Visual Studio Solution File, Format Version 12.00
# Visual Studio Version 17
VisualStudioVersion = 17.2.32616.157
MinimumVisualStudioVersion = 10.0.40219.1
Project("{FAE04EC0-301F-11D3-BF4B-00C04F79EFBC}") = "01.Cooking", "01.Cooking\01.Cooking.csproj", "{DAB867AE-7096-46BF-893A-18A292246A65}"
EndProject
Project("{FAE04EC0-301F-11D3-BF4B-00C04F79EFBC}") = "02.Selling", "02.Selling\02.Selling.csproj", "{C1F29A4E-F969-47C5-BD95-90ECA114EB1E}"
EndProject
Project("{FAE04EC0-301F-11D3-BF4B-00C04F79EFBC}") = "03.Openning", "03.Openning\03.Openning.csproj", "{58BDA94E-6EA4-4461-A5EA-9981AE73546D}"
EndProject
Global
	GlobalSection(SolutionConfigurationPlatforms) = preSolution
		Debug|Any CPU = Debug|Any CPU
		Release|Any CPU = Release|Any CPU
	EndGlobalSection
	GlobalSection(ProjectConfigurationPlatforms) = postSolution
		{DAB867AE-7096-46BF-893A-18A292246A65}.Debug|Any CPU.ActiveCfg = Debug|Any CPU
		{DAB867AE-7096-46BF-893A-18A292246A65}.Debug|Any CPU.Build.0 = Debug|Any CPU
		{DAB867AE-7096-46BF-893A-18A292246A65}.Release|Any CPU.ActiveCfg = Release|Any CPU
		{DAB867AE-7096-46BF-893A-18A292246A65}.Release|Any CPU.Build.0 = Release|Any CPU
		{C1F29A4E-F969-47C5-BD95-90ECA114EB1E}.Debug|Any CPU.ActiveCfg = Debug|Any CPU
		{C1F29A4E-F969-47C5-BD95-90ECA114EB1E}.Debug|Any CPU.Build.0 = Debug|Any CPU
		{C1F29A4E-F969-47C5-BD95-90ECA114EB1E}.Release|Any CPU.ActiveCfg = Release|Any CPU
		{C1F29A4E-F969-47C5-BD95-90ECA114EB1E}.Release|Any CPU.Build.0 = Release|Any CPU
		{58BDA94E-6EA4-4461-A5EA-9981AE73546D}.Debug|Any CPU.ActiveCfg = Debug|Any CPU
		{58BDA94E-6EA4-4461-A5EA-9981AE73546D}.Debug|Any CPU.Build.0 = Debug|Any CPU
		{58BDA94E-6EA4-4461-A5EA-9981AE73546D}.Release|Any CPU.ActiveCfg = Release|Any CPU
		{58BDA94E-6EA4-4461-A5EA-9981AE73546D}.Release|Any CPU.Build.0 = Release|Any CPU
	EndGlobalSection
	GlobalSection(SolutionProperties) = preSolution
		HideSolutionNode = FALSE
	EndGlobalSection
	GlobalSection(ExtensibilityGlobals) = postSolution
		SolutionGuid = {AB9716D5-E289-49B8-B4B3-45F912B36024}
	EndGlobalSection
EndGlobal
