
Microsoft Visual Studio Solution File, Format Version 12.00
# Visual Studio Version 17
VisualStudioVersion = 17.2.32616.157
MinimumVisualStudioVersion = 10.0.40219.1
Project("{FAE04EC0-301F-11D3-BF4B-00C04F79EFBC}") = "01.Blacksmith", "01.Blacksmith\01.Blacksmith.csproj", "{76BD5BD9-75C1-4168-B484-1A6FBC77262D}"
EndProject
Global
	GlobalSection(SolutionConfigurationPlatforms) = preSolution
		Debug|Any CPU = Debug|Any CPU
		Release|Any CPU = Release|Any CPU
	EndGlobalSection
	GlobalSection(ProjectConfigurationPlatforms) = postSolution
		{76BD5BD9-75C1-4168-B484-1A6FBC77262D}.Debug|Any CPU.ActiveCfg = Debug|Any CPU
		{76BD5BD9-75C1-4168-B484-1A6FBC77262D}.Debug|Any CPU.Build.0 = Debug|Any CPU
		{76BD5BD9-75C1-4168-B484-1A6FBC77262D}.Release|Any CPU.ActiveCfg = Release|Any CPU
		{76BD5BD9-75C1-4168-B484-1A6FBC77262D}.Release|Any CPU.Build.0 = Release|Any CPU
	EndGlobalSection
	GlobalSection(SolutionProperties) = preSolution
		HideSolutionNode = FALSE
	EndGlobalSection
	GlobalSection(ExtensibilityGlobals) = postSolution
		SolutionGuid = {58FF666B-21AA-4126-9BEB-02C171819DA7}
	EndGlobalSection
EndGlobal
