
Microsoft Visual Studio Solution File, Format Version 12.00
# Visual Studio Version 17
VisualStudioVersion = 17.2.32616.157
MinimumVisualStudioVersion = 10.0.40219.1
Project("{FAE04EC0-301F-11D3-BF4B-00C04F79EFBC}") = "01.Masterchef", "01.Masterchef\01.Masterchef.csproj", "{CC80DA5E-2A67-4D17-AE6F-2B0FEA4E89B6}"
EndProject
Project("{FAE04EC0-301F-11D3-BF4B-00C04F79EFBC}") = "02.Survivor", "02.Survivor\02.Survivor.csproj", "{086D91AB-62AB-4083-B54A-E0DEF98B7849}"
EndProject
Project("{FAE04EC0-301F-11D3-BF4B-00C04F79EFBC}") = "03.SkiRental", "03.SkiRental\03.SkiRental.csproj", "{B6FF5C09-9D83-4AB2-A154-1FDCB63A2E74}"
EndProject
Global
	GlobalSection(SolutionConfigurationPlatforms) = preSolution
		Debug|Any CPU = Debug|Any CPU
		Release|Any CPU = Release|Any CPU
	EndGlobalSection
	GlobalSection(ProjectConfigurationPlatforms) = postSolution
		{CC80DA5E-2A67-4D17-AE6F-2B0FEA4E89B6}.Debug|Any CPU.ActiveCfg = Debug|Any CPU
		{CC80DA5E-2A67-4D17-AE6F-2B0FEA4E89B6}.Debug|Any CPU.Build.0 = Debug|Any CPU
		{CC80DA5E-2A67-4D17-AE6F-2B0FEA4E89B6}.Release|Any CPU.ActiveCfg = Release|Any CPU
		{CC80DA5E-2A67-4D17-AE6F-2B0FEA4E89B6}.Release|Any CPU.Build.0 = Release|Any CPU
		{086D91AB-62AB-4083-B54A-E0DEF98B7849}.Debug|Any CPU.ActiveCfg = Debug|Any CPU
		{086D91AB-62AB-4083-B54A-E0DEF98B7849}.Debug|Any CPU.Build.0 = Debug|Any CPU
		{086D91AB-62AB-4083-B54A-E0DEF98B7849}.Release|Any CPU.ActiveCfg = Release|Any CPU
		{086D91AB-62AB-4083-B54A-E0DEF98B7849}.Release|Any CPU.Build.0 = Release|Any CPU
		{B6FF5C09-9D83-4AB2-A154-1FDCB63A2E74}.Debug|Any CPU.ActiveCfg = Debug|Any CPU
		{B6FF5C09-9D83-4AB2-A154-1FDCB63A2E74}.Debug|Any CPU.Build.0 = Debug|Any CPU
		{B6FF5C09-9D83-4AB2-A154-1FDCB63A2E74}.Release|Any CPU.ActiveCfg = Release|Any CPU
		{B6FF5C09-9D83-4AB2-A154-1FDCB63A2E74}.Release|Any CPU.Build.0 = Release|Any CPU
	EndGlobalSection
	GlobalSection(SolutionProperties) = preSolution
		HideSolutionNode = FALSE
	EndGlobalSection
	GlobalSection(ExtensibilityGlobals) = postSolution
		SolutionGuid = {2A0CDC74-7E78-4461-A055-692D94313C19}
	EndGlobalSection
EndGlobal
