
Microsoft Visual Studio Solution File, Format Version 12.00
# Visual Studio Version 17
VisualStudioVersion = 17.2.32616.157
MinimumVisualStudioVersion = 10.0.40219.1
Project("{FAE04EC0-301F-11D3-BF4B-00C04F79EFBC}") = "01.Lootbox", "01.Lootbox\01.Lootbox.csproj", "{09286783-35CB-44D1-A6F2-84D1BF5AB4B6}"
EndProject
Project("{FAE04EC0-301F-11D3-BF4B-00C04F79EFBC}") = "02.Re-Volt", "02.Re-Volt\02.Re-Volt.csproj", "{474574F4-BFE1-4876-A4A7-576947FFAA7C}"
EndProject
Global
	GlobalSection(SolutionConfigurationPlatforms) = preSolution
		Debug|Any CPU = Debug|Any CPU
		Release|Any CPU = Release|Any CPU
	EndGlobalSection
	GlobalSection(ProjectConfigurationPlatforms) = postSolution
		{09286783-35CB-44D1-A6F2-84D1BF5AB4B6}.Debug|Any CPU.ActiveCfg = Debug|Any CPU
		{09286783-35CB-44D1-A6F2-84D1BF5AB4B6}.Debug|Any CPU.Build.0 = Debug|Any CPU
		{09286783-35CB-44D1-A6F2-84D1BF5AB4B6}.Release|Any CPU.ActiveCfg = Release|Any CPU
		{09286783-35CB-44D1-A6F2-84D1BF5AB4B6}.Release|Any CPU.Build.0 = Release|Any CPU
		{474574F4-BFE1-4876-A4A7-576947FFAA7C}.Debug|Any CPU.ActiveCfg = Debug|Any CPU
		{474574F4-BFE1-4876-A4A7-576947FFAA7C}.Debug|Any CPU.Build.0 = Debug|Any CPU
		{474574F4-BFE1-4876-A4A7-576947FFAA7C}.Release|Any CPU.ActiveCfg = Release|Any CPU
		{474574F4-BFE1-4876-A4A7-576947FFAA7C}.Release|Any CPU.Build.0 = Release|Any CPU
	EndGlobalSection
	GlobalSection(SolutionProperties) = preSolution
		HideSolutionNode = FALSE
	EndGlobalSection
	GlobalSection(ExtensibilityGlobals) = postSolution
		SolutionGuid = {E02116A8-7D95-4535-A7FD-3BD8F455F885}
	EndGlobalSection
EndGlobal
