
Microsoft Visual Studio Solution File, Format Version 12.00
# Visual Studio Version 17
VisualStudioVersion = 17.2.32616.157
MinimumVisualStudioVersion = 10.0.40219.1
Project("{FAE04EC0-301F-11D3-BF4B-00C04F79EFBC}") = "01.Scheduling", "01.Scheduling\01.Scheduling.csproj", "{D7A9667C-98C9-4E39-B51D-6F850358870B}"
EndProject
Project("{FAE04EC0-301F-11D3-BF4B-00C04F79EFBC}") = "02.Garden", "02.Garden\02.Garden.csproj", "{7231CDEA-913F-4F3C-A96A-7D6D9998EC19}"
EndProject
Project("{FAE04EC0-301F-11D3-BF4B-00C04F79EFBC}") = "03.Classroom", "03.Classroom\03.Classroom.csproj", "{C7386E44-43DC-4178-BDE1-DA8F773B80C4}"
EndProject
Global
	GlobalSection(SolutionConfigurationPlatforms) = preSolution
		Debug|Any CPU = Debug|Any CPU
		Release|Any CPU = Release|Any CPU
	EndGlobalSection
	GlobalSection(ProjectConfigurationPlatforms) = postSolution
		{D7A9667C-98C9-4E39-B51D-6F850358870B}.Debug|Any CPU.ActiveCfg = Debug|Any CPU
		{D7A9667C-98C9-4E39-B51D-6F850358870B}.Debug|Any CPU.Build.0 = Debug|Any CPU
		{D7A9667C-98C9-4E39-B51D-6F850358870B}.Release|Any CPU.ActiveCfg = Release|Any CPU
		{D7A9667C-98C9-4E39-B51D-6F850358870B}.Release|Any CPU.Build.0 = Release|Any CPU
		{7231CDEA-913F-4F3C-A96A-7D6D9998EC19}.Debug|Any CPU.ActiveCfg = Debug|Any CPU
		{7231CDEA-913F-4F3C-A96A-7D6D9998EC19}.Debug|Any CPU.Build.0 = Debug|Any CPU
		{7231CDEA-913F-4F3C-A96A-7D6D9998EC19}.Release|Any CPU.ActiveCfg = Release|Any CPU
		{7231CDEA-913F-4F3C-A96A-7D6D9998EC19}.Release|Any CPU.Build.0 = Release|Any CPU
		{C7386E44-43DC-4178-BDE1-DA8F773B80C4}.Debug|Any CPU.ActiveCfg = Debug|Any CPU
		{C7386E44-43DC-4178-BDE1-DA8F773B80C4}.Debug|Any CPU.Build.0 = Debug|Any CPU
		{C7386E44-43DC-4178-BDE1-DA8F773B80C4}.Release|Any CPU.ActiveCfg = Release|Any CPU
		{C7386E44-43DC-4178-BDE1-DA8F773B80C4}.Release|Any CPU.Build.0 = Release|Any CPU
	EndGlobalSection
	GlobalSection(SolutionProperties) = preSolution
		HideSolutionNode = FALSE
	EndGlobalSection
	GlobalSection(ExtensibilityGlobals) = postSolution
		SolutionGuid = {DF3FF43D-DB88-4350-9ECD-A6677F929FEB}
	EndGlobalSection
EndGlobal
