
Microsoft Visual Studio Solution File, Format Version 12.00
# Visual Studio Version 17
VisualStudioVersion = 17.2.32616.157
MinimumVisualStudioVersion = 10.0.40219.1
Project("{FAE04EC0-301F-11D3-BF4B-00C04F79EFBC}") = "01.FlowerWreaths", "01.FlowerWreaths\01.FlowerWreaths.csproj", "{C73D5766-EEBD-4B76-95FD-6AE00282C91D}"
EndProject
Project("{FAE04EC0-301F-11D3-BF4B-00C04F79EFBC}") = "02.Bee", "02.Bee\02.Bee.csproj", "{63EFF4F2-8B35-43F5-BF28-7629D225BF05}"
EndProject
Project("{FAE04EC0-301F-11D3-BF4B-00C04F79EFBC}") = "03.VetClinic", "03.VetClinic\03.VetClinic.csproj", "{128448AD-B59B-4967-9793-CD7A451839C9}"
EndProject
Global
	GlobalSection(SolutionConfigurationPlatforms) = preSolution
		Debug|Any CPU = Debug|Any CPU
		Release|Any CPU = Release|Any CPU
	EndGlobalSection
	GlobalSection(ProjectConfigurationPlatforms) = postSolution
		{C73D5766-EEBD-4B76-95FD-6AE00282C91D}.Debug|Any CPU.ActiveCfg = Debug|Any CPU
		{C73D5766-EEBD-4B76-95FD-6AE00282C91D}.Debug|Any CPU.Build.0 = Debug|Any CPU
		{C73D5766-EEBD-4B76-95FD-6AE00282C91D}.Release|Any CPU.ActiveCfg = Release|Any CPU
		{C73D5766-EEBD-4B76-95FD-6AE00282C91D}.Release|Any CPU.Build.0 = Release|Any CPU
		{63EFF4F2-8B35-43F5-BF28-7629D225BF05}.Debug|Any CPU.ActiveCfg = Debug|Any CPU
		{63EFF4F2-8B35-43F5-BF28-7629D225BF05}.Debug|Any CPU.Build.0 = Debug|Any CPU
		{63EFF4F2-8B35-43F5-BF28-7629D225BF05}.Release|Any CPU.ActiveCfg = Release|Any CPU
		{63EFF4F2-8B35-43F5-BF28-7629D225BF05}.Release|Any CPU.Build.0 = Release|Any CPU
		{128448AD-B59B-4967-9793-CD7A451839C9}.Debug|Any CPU.ActiveCfg = Debug|Any CPU
		{128448AD-B59B-4967-9793-CD7A451839C9}.Debug|Any CPU.Build.0 = Debug|Any CPU
		{128448AD-B59B-4967-9793-CD7A451839C9}.Release|Any CPU.ActiveCfg = Release|Any CPU
		{128448AD-B59B-4967-9793-CD7A451839C9}.Release|Any CPU.Build.0 = Release|Any CPU
	EndGlobalSection
	GlobalSection(SolutionProperties) = preSolution
		HideSolutionNode = FALSE
	EndGlobalSection
	GlobalSection(ExtensibilityGlobals) = postSolution
		SolutionGuid = {40B55E04-0D4C-4EC3-AC09-B6E5A07E351B}
	EndGlobalSection
EndGlobal
